version = 1
revision = 3
requires-python = ">=3.14"

[[package]]
name = "blinkt"
version = "0.1.2"
source = { registry = "https://pypi.org/simple" }
dependencies = [
    { name = "rpi-gpio" },
]
sdist = { url = "https://files.pythonhosted.org/packages/c0/33/fb5a3bfc2e9d467a6f9892088f08c0b88b4bbb0237a696b1b25cacab54d5/blinkt-0.1.2.tar.gz", hash = "sha256:db8f54a22a7382476e4ac7531974fe01baee916b01f415bf3817c02820d59f3f", size = 5178, upload-time = "2018-05-23T11:06:00.7Z" }
wheels = [
    { url = "https://files.pythonhosted.org/packages/b9/24/b8244726dd74e6d140a162e2587e6df7d65cac18558f5df7cad9e9f9f1ff/blinkt-0.1.2-py3-none-any.whl", hash = "sha256:b090d1eccb5b8b5caaaeb25cfdb96f51cc12e98a8ab81c667c19b58b365f2818", size = 6577, upload-time = "2018-05-23T11:05:59.578Z" },
]

[[package]]
name = "nre-darwin-py"
version = "0.4.1"
source = { registry = "https://pypi.org/simple" }
dependencies = [
    { name = "suds-py3" },
    { name = "tabulate" },
]
sdist = { url = "https://files.pythonhosted.org/packages/da/c2/7ac767078072cb030d7f27f161aa2ba6a04cb58e63ca1584e99a8f39b069/nre_darwin_py-0.4.1.tar.gz", hash = "sha256:ab9b845ba4145ed69f3450a6a38866ad53b1018b9df9dcf793368a5de4d230f5", size = 13142, upload-time = "2025-01-04T20:34:56.02Z" }
wheels = [
    { url = "https://files.pythonhosted.org/packages/b3/e2/2299310aac6c75276a809c5115baab2758331e71e3ea7300519e15cc5a33/nre_darwin_py-0.4.1-py3-none-any.whl", hash = "sha256:b3ef9cd367c9a46add6cdc88e6544bbf31b3b32b9a653dd355742a2562ba53ba", size = 11326, upload-time = "2025-01-04T20:34:53.692Z" },
]

[[package]]
name = "pitrains"
version = "0.1.0"
source = { virtual = "." }
dependencies = [
    { name = "blinkt", marker = "sys_platform == 'linux'" },
    { name = "nre-darwin-py" },
    { name = "rpi-gpio", marker = "sys_platform == 'linux'" },
]

[package.metadata]
requires-dist = [
    { name = "blinkt", marker = "sys_platform == 'linux'", specifier = ">=0.1.2" },
    { name = "nre-darwin-py", specifier = ">=0.4.1" },
    { name = "rpi-gpio", marker = "sys_platform == 'linux'", specifier = "==0.7.1" },
]

[[package]]
name = "rpi-gpio"
version = "0.7.1"
source = { registry = "https://pypi.org/simple" }
sdist = { url = "https://files.pythonhosted.org/packages/c4/0f/10b524a12b3445af1c607c27b2f5ed122ef55756e29942900e5c950735f2/RPi.GPIO-0.7.1.tar.gz", hash = "sha256:cd61c4b03c37b62bba4a5acfea9862749c33c618e0295e7e90aa4713fb373b70", size = 29090, upload-time = "2022-02-06T15:15:06.022Z" }

[[package]]
name = "suds-py3"
version = "1.4.5.0"
source = { registry = "https://pypi.org/simple" }
sdist = { url = "https://files.pythonhosted.org/packages/39/d1/da8977d242d2505c575eb2cc7e282209e4d12bd570c04e7942cd19f4facd/suds-py3-1.4.5.0.tar.gz", hash = "sha256:2b0d433e569c0190ff5e7ed2dfb3287b51bbfb3e51e82361c8bd652c78807167", size = 87187, upload-time = "2021-11-15T17:29:11.548Z" }
wheels = [
    { url = "https://files.pythonhosted.org/packages/8a/39/aa44074c42b3ee2d2ce36c2cd891787f9ae4158416600390dd09d09233da/suds_py3-1.4.5.0-py3-none-any.whl", hash = "sha256:0915a7f825c80fa2f0593e040e046bcbc156dd24ba988bb9da6c6604d70155b9", size = 298760, upload-time = "2021-11-15T17:29:09.503Z" },
]

[[package]]
name = "tabulate"
version = "0.10.0"
source = { registry = "https://pypi.org/simple" }
sdist = { url = "https://files.pythonhosted.org/packages/46/58/8c37dea7bbf769b20d58e7ace7e5edfe65b849442b00ffcdd56be88697c6/tabulate-0.10.0.tar.gz", hash = "sha256:e2cfde8f79420f6deeffdeda9aaec3b6bc5abce947655d17ac662b126e48a60d", size = 91754, upload-time = "2026-03-04T18:55:34.402Z" }
wheels = [
    { url = "https://files.pythonhosted.org/packages/99/55/db07de81b5c630da5cbf5c7df646580ca26dfaefa593667fc6f2fe016d2e/tabulate-0.10.0-py3-none-any.whl", hash = "sha256:f0b0622e567335c8fabaaa659f1b33bcb6ddfe2e496071b743aa113f8774f2d3", size = 39814, upload-time = "2026-03-04T18:55:31.284Z" },
]
